
Microsoft Visual Studio Solution File, Format Version 12.00
# Visual Studio Version 17
VisualStudioVersion = 17.3.32901.215
MinimumVisualStudioVersion = 10.0.40219.1
Project("{FAE04EC0-301F-11D3-BF4B-00C04F79EFBC}") = "Aquarium", "Aquarium\Aquarium.csproj", "{F2CD803D-A98C-4856-A911-AE94A507C9B2}"
EndProject
Global
	GlobalSection(SolutionConfigurationPlatforms) = preSolution
		Debug|Any CPU = Debug|Any CPU
		Release|Any CPU = Release|Any CPU
	EndGlobalSection
	GlobalSection(ProjectConfigurationPlatforms) = postSolution
		{F2CD803D-A98C-4856-A911-AE94A507C9B2}.Debug|Any CPU.ActiveCfg = Debug|Any CPU
		{F2CD803D-A98C-4856-A911-AE94A507C9B2}.Debug|Any CPU.Build.0 = Debug|Any CPU
		{F2CD803D-A98C-4856-A911-AE94A507C9B2}.Release|Any CPU.ActiveCfg = Release|Any CPU
		{F2CD803D-A98C-4856-A911-AE94A507C9B2}.Release|Any CPU.Build.0 = Release|Any CPU
	EndGlobalSection
	GlobalSection(SolutionProperties) = preSolution
		HideSolutionNode = FALSE
	EndGlobalSection
	GlobalSection(ExtensibilityGlobals) = postSolution
		SolutionGuid = {F19F3128-76DC-46BE-9A81-4DC504D5A4A3}
	EndGlobalSection
EndGlobal
